{
  "name": "as-bind-quickstart",
  "version": "0.0.1",
  "lockfileVersion": 1,
  "requires": true,
  "dependencies": {
    "as-bind": {
      "version": "file:../..",
      "requires": {
        "visitor-as": "^0.5.0"
      },
      "dependencies": {
        "lodash.clonedeep": {
          "version": "4.5.0",
          "resolved": "https://registry.npmjs.org/lodash.clonedeep/-/lodash.clonedeep-4.5.0.tgz",
          "integrity": "sha1-4j8/nE+Pvd6HJSnBBxhXoIblzO8="
        },
        "ts-mixer": {
          "version": "5.4.1",
          "resolved": "https://registry.npmjs.org/ts-mixer/-/ts-mixer-5.4.1.tgz",
          "integrity": "sha512-Zo9HgPCtNouDgJ+LGtrzVOjSg8+7WGQktIKLwAfaNrlOK1mWGlz1ejsAF/YqUEqAGjUTeB5fEg8gH9Aui6w9xA=="
        },
        "visitor-as": {
          "version": "0.5.0",
          "resolved": "https://registry.npmjs.org/visitor-as/-/visitor-as-0.5.0.tgz",
          "integrity": "sha512-U2P13pa7BAnfj6IEbP4feS1Rci6NT4GlDcwpqkk90u7LGalc5jH9aMuWnxTC8RJJ92iZzDQ8Lea5/OnLDsgzlw==",
          "requires": {
            "lodash.clonedeep": "^4.5.0",
            "ts-mixer": "^5.1.0"
          }
        }
      }
    }
  }
}
