lockfileVersion: '6.0'

settings:
  autoInstallPeers: true
  excludeLinksFromLockfile: false

dependencies:
  as-bind:
    specifier: file:../..
    version: file:../..(@assemblyscript/loader@0.19.23)(assemblyscript@0.19.23)

packages:

  /@assemblyscript/loader@0.19.23:
    resolution: {integrity: sha512-ulkCYfFbYj01ie1MDOyxv2F6SpRN1TOj7fQxbP07D6HmeR+gr2JLSmINKjga2emB+b1L2KGrFKBTc+e00p54nw==}
    dev: false

  /assemblyscript@0.19.23:
    resolution: {integrity: sha512-fwOQNZVTMga5KRsfY80g7cpOl4PsFQczMwHzdtgoqLXaYhkhavufKb0sB0l3T1DUxpAufA0KNhlbpuuhZUwxMA==}
    hasBin: true
    dependencies:
      binaryen: 102.0.0-nightly.20211028
      long: 5.2.3
      source-map-support: 0.5.21
    dev: false

  /binaryen@102.0.0-nightly.20211028:
    resolution: {integrity: sha512-GCJBVB5exbxzzvyt8MGDv/MeUjs6gkXDvf4xOIItRBptYl0Tz5sm1o/uG95YK0L0VeG5ajDu3hRtkBP2kzqC5w==}
    hasBin: true
    dev: false

  /buffer-from@1.1.2:
    resolution: {integrity: sha512-E+XQCRwSbaaiChtv6k6Dwgc+bx+Bs6vuKJHHl5kox/BaKbhiXzqQOwK4cO22yElGp2OCmjwVhT3HmxgyPGnJfQ==}
    dev: false

  /lodash.clonedeep@4.5.0:
    resolution: {integrity: sha512-H5ZhCF25riFd9uB5UCkVKo61m3S/xZk1x4wA6yp/L3RFP6Z/eHH1ymQcGLo7J3GMPfm0V/7m1tryHuGVxpqEBQ==}
    dev: false

  /long@5.2.3:
    resolution: {integrity: sha512-lcHwpNoggQTObv5apGNCTdJrO69eHOZMi4BNC+rTLER8iHAqGrUVeLh/irVIM7zTw2bOXA8T6uNPeujwOLg/2Q==}
    dev: false

  /source-map-support@0.5.21:
    resolution: {integrity: sha512-uBHU3L3czsIyYXKX88fdrGovxdSCoTGDRZ6SYXtSRxLZUzHg5P/66Ht6uoUlHu9EZod+inXhKo3qQgwXUT/y1w==}
    dependencies:
      buffer-from: 1.1.2
      source-map: 0.6.1
    dev: false

  /source-map@0.6.1:
    resolution: {integrity: sha512-UjgapumWlbMhkBgzT7Ykc5YXUT46F0iKu8SGXq0bcwP5dz/h0Plj6enJqjz1Zbq2l5WaqYnrVbwWOWMyF3F47g==}
    engines: {node: '>=0.10.0'}
    dev: false

  /ts-mixer@5.4.1:
    resolution: {integrity: sha512-Zo9HgPCtNouDgJ+LGtrzVOjSg8+7WGQktIKLwAfaNrlOK1mWGlz1ejsAF/YqUEqAGjUTeB5fEg8gH9Aui6w9xA==}
    dev: false

  /visitor-as@0.8.0(assemblyscript@0.19.23):
    resolution: {integrity: sha512-tW9Vfr2AnGCckcfujL7QPbfrY7D0hNcYwi5DWx8wBfBjgCWhfIXEEojqS5JrzRnQI+LllTEUfGAIdLaxaaBNpw==}
    peerDependencies:
      assemblyscript: ^0.19.22
    dependencies:
      assemblyscript: 0.19.23
      lodash.clonedeep: 4.5.0
      ts-mixer: 5.4.1
    dev: false

  file:../..(@assemblyscript/loader@0.19.23)(assemblyscript@0.19.23):
    resolution: {directory: ../.., type: directory}
    id: file:../..
    name: as-bind
    peerDependencies:
      '@assemblyscript/loader': 0.19.x
      assemblyscript: 0.19.x
    dependencies:
      '@assemblyscript/loader': 0.19.23
      assemblyscript: 0.19.23
      visitor-as: 0.8.0(assemblyscript@0.19.23)
    dev: false
